version = 1
revision = 1
requires-python = ">=3.13"

[[package]]
name = "mtg-gemini"
version = "0.1.0"
source = { virtual = "." }
dependencies = [
    { name = "pydash" },
]

[package.metadata]
requires-dist = [{ name = "pydash", specifier = ">=8.0.5" }]

[[package]]
name = "pydash"
version = "8.0.5"
source = { registry = "https://pypi.org/simple" }
dependencies = [
    { name = "typing-extensions" },
]
sdist = { url = "https://files.pythonhosted.org/packages/2f/24/91c037f47e434172c2112d65c00c84d475a6715425e3315ba2cbb7a87e66/pydash-8.0.5.tar.gz", hash = "sha256:7cc44ebfe5d362f4f5f06c74c8684143c5ac481376b059ff02570705523f9e2e", size = 164861 }
wheels = [
    { url = "https://files.pythonhosted.org/packages/2c/86/e74c978800131c657fc5145f2c1c63e0cea01a49b6216f729cf77a2e1edf/pydash-8.0.5-py3-none-any.whl", hash = "sha256:b2625f8981862e19911daa07f80ed47b315ce20d9b5eb57aaf97aaf570c3892f", size = 102077 },
]

[[package]]
name = "typing-extensions"
version = "4.14.0"
source = { registry = "https://pypi.org/simple" }
sdist = { url = "https://files.pythonhosted.org/packages/d1/bc/51647cd02527e87d05cb083ccc402f93e441606ff1f01739a62c8ad09ba5/typing_extensions-4.14.0.tar.gz", hash = "sha256:8676b788e32f02ab42d9e7c61324048ae4c6d844a399eebace3d4979d75ceef4", size = 107423 }
wheels = [
    { url = "https://files.pythonhosted.org/packages/69/e0/552843e0d356fbb5256d21449fa957fa4eff3bbc135a74a691ee70c7c5da/typing_extensions-4.14.0-py3-none-any.whl", hash = "sha256:a1514509136dd0b477638fc68d6a91497af5076466ad0fa6c338e44e359944af", size = 43839 },
]
